{
  "originHash" : "ab233ab359d7d6cd20f650b51f38ea15f2f9f102d972094cf42d9ba3715c75ff",
  "pins" : [
    {
      "identity" : "sparkle",
      "kind" : "remoteSourceControl",
      "location" : "https://github.com/sparkle-project/Sparkle",
      "state" : {
        "revision" : "d46d456107feacc80711b21847b82b07bd9fb46e",
        "version" : "2.9.3"
      }
    }
  ],
  "version" : 3
}
